
Microsoft Visual Studio Solution File, Format Version 12.00
# Visual Studio 14
VisualStudioVersion = 14.0.25123.0
MinimumVisualStudioVersion = 10.0.40219.1
Project("{A2BA2960-9DFF-4BE3-BEAA-FE3E9D9D2BA1}") = "Sitecore.Support.38000", "Sitecore.Support.38000\Sitecore.Support.38000.csproj", "{715E3707-B50A-456E-9003-91DBCA5A9C5E}"
EndProject
Global
	GlobalSection(SolutionConfigurationPlatforms) = preSolution
		Debug|Any CPU = Debug|Any CPU
		Release|Any CPU = Release|Any CPU
	EndGlobalSection
	GlobalSection(ProjectConfigurationPlatforms) = postSolution
		{715E3707-B50A-456E-9003-91DBCA5A9C5E}.Debug|Any CPU.ActiveCfg = Debug|Any CPU
		{715E3707-B50A-456E-9003-91DBCA5A9C5E}.Debug|Any CPU.Build.0 = Debug|Any CPU
		{715E3707-B50A-456E-9003-91DBCA5A9C5E}.Release|Any CPU.ActiveCfg = Release|Any CPU
		{715E3707-B50A-456E-9003-91DBCA5A9C5E}.Release|Any CPU.Build.0 = Release|Any CPU
	EndGlobalSection
	GlobalSection(SolutionProperties) = preSolution
		HideSolutionNode = FALSE
	EndGlobalSection
EndGlobal
